// !$*UTF8*$!
{
	archiveVersion = 1;
	classes = {
	};
	objectVersion = 50;
	objects = {

/* Begin PBXBuildFile section */
		38B92E0E2225008400349DAD /* AppDelegate.swift in Sources */ = {isa = PBXBuildFile; fileRef = 38B92E0D2225008400349DAD /* AppDelegate.swift */; };
		38B92E102225008400349DAD /* ViewController.swift in Sources */ = {isa = PBXBuildFile; fileRef = 38B92E0F2225008400349DAD /* ViewController.swift */; };
		38B92E132225008400349DAD /* Main.storyboard in Resources */ = {isa = PBXBuildFile; fileRef = 38B92E112225008400349DAD /* Main.storyboard */; };
		38B92E152225008500349DAD /* Assets.xcassets in Resources */ = {isa = PBXBuildFile; fileRef = 38B92E142225008500349DAD /* Assets.xcassets */; };
		38B92E182225008500349DAD /* LaunchScreen.storyboard in Resources */ = {isa = PBXBuildFile; fileRef = 38B92E162225008500349DAD /* LaunchScreen.storyboard */; };
		38B92E232225008500349DAD /* BmiCalculatorTests.swift in Sources */ = {isa = PBXBuildFile; fileRef = 38B92E222225008500349DAD /* BmiCalculatorTests.swift */; };
		38B92E2E2225008500349DAD /* BmiCalculatorUITests.swift in Sources */ = {isa = PBXBuildFile; fileRef = 38B92E2D2225008500349DAD /* BmiCalculatorUITests.swift */; };
/* End PBXBuildFile section */

/* Begin PBXContainerItemProxy section */
		38B92E1F2225008500349DAD /* PBXContainerItemProxy */ = {
			isa = PBXContainerItemProxy;
			containerPortal = 38B92E022225008400349DAD /* Project object */;
			proxyType = 1;
			remoteGlobalIDString = 38B92E092225008400349DAD;
			remoteInfo = BmiCalculator;
		};
		38B92E2A2225008500349DAD /* PBXContainerItemProxy */ = {
			isa = PBXContainerItemProxy;
			containerPortal = 38B92E022225008400349DAD /* Project object */;
			proxyType = 1;
			remoteGlobalIDString = 38B92E092225008400349DAD;
			remoteInfo = BmiCalculator;
		};
/* End PBXContainerItemProxy section */

/* Begin PBXFileReference section */
		38B92E0A2225008400349DAD /* BmiCalculator.app */ = {isa = PBXFileReference; explicitFileType = wrapper.application; includeInIndex = 0; path = BmiCalculator.app; sourceTree = BUILT_PRODUCTS_DIR; };
		38B92E0D2225008400349DAD /* AppDelegate.swift */ = {isa = PBXFileReference; lastKnownFileType = sourcecode.swift; path = AppDelegate.swift; sourceTree = "<group>"; };
		38B92E0F2225008400349DAD /* ViewController.swift */ = {isa = PBXFileReference; lastKnownFileType = sourcecode.swift; path = ViewController.swift; sourceTree = "<group>"; };
		38B92E122225008400349DAD /* Base */ = {isa = PBXFileReference; lastKnownFileType = file.storyboard; name = Base; path = Base.lproj/Main.storyboard; sourceTree = "<group>"; };
		38B92E142225008500349DAD /* Assets.xcassets */ = {isa = PBXFileReference; lastKnownFileType = folder.assetcatalog; path = Assets.xcassets; sourceTree = "<group>"; };
		38B92E172225008500349DAD /* Base */ = {isa = PBXFileReference; lastKnownFileType = file.storyboard; name = Base; path = Base.lproj/LaunchScreen.storyboard; sourceTree = "<group>"; };
		38B92E192225008500349DAD /* Info.plist */ = {isa = PBXFileReference; lastKnownFileType = text.plist.xml; path = Info.plist; sourceTree = "<group>"; };
		38B92E1E2225008500349DAD /* BmiCalculatorTests.xctest */ = {isa = PBXFileReference; explicitFileType = wrapper.cfbundle; includeInIndex = 0; path = BmiCalculatorTests.xctest; sourceTree = BUILT_PRODUCTS_DIR; };
		38B92E222225008500349DAD /* BmiCalculatorTests.swift */ = {isa = PBXFileReference; lastKnownFileType = sourcecode.swift; path = BmiCalculatorTests.swift; sourceTree = "<group>"; };
		38B92E242225008500349DAD /* Info.plist */ = {isa = PBXFileReference; lastKnownFileType = text.plist.xml; path = Info.plist; sourceTree = "<group>"; };
		38B92E292225008500349DAD /* BmiCalculatorUITests.xctest */ = {isa = PBXFileReference; explicitFileType = wrapper.cfbundle; includeInIndex = 0; path = BmiCalculatorUITests.xctest; sourceTree = BUILT_PRODUCTS_DIR; };
		38B92E2D2225008500349DAD /* BmiCalculatorUITests.swift */ = {isa = PBXFileReference; lastKnownFileType = sourcecode.swift; path = BmiCalculatorUITests.swift; sourceTree = "<group>"; };
		38B92E2F2225008500349DAD /* Info.plist */ = {isa = PBXFileReference; lastKnownFileType = text.plist.xml; path = Info.plist; sourceTree = "<group>"; };
/* End PBXFileReference section */

/* Begin PBXFrameworksBuildPhase section */
		38B92E072225008400349DAD /* Frameworks */ = {
			isa = PBXFrameworksBuildPhase;
			buildActionMask = 2147483647;
			files = (
			);
			runOnlyForDeploymentPostprocessing = 0;
		};
		38B92E1B2225008500349DAD /* Frameworks */ = {
			isa = PBXFrameworksBuildPhase;
			buildActionMask = 2147483647;
			files = (
			);
			runOnlyForDeploymentPostprocessing = 0;
		};
		38B92E262225008500349DAD /* Frameworks */ = {
			isa = PBXFrameworksBuildPhase;
			buildActionMask = 2147483647;
			files = (
			);
			runOnlyForDeploymentPostprocessing = 0;
		};
/* End PBXFrameworksBuildPhase section */

/* Begin PBXGroup section */
		38B92E012225008400349DAD = {
			isa = PBXGroup;
			children = (
				38B92E0C2225008400349DAD /* BmiCalculator */,
				38B92E212225008500349DAD /* BmiCalculatorTests */,
				38B92E2C2225008500349DAD /* BmiCalculatorUITests */,
				38B92E0B2225008400349DAD /* Products */,
			);
			sourceTree = "<group>";
		};
		38B92E0B2225008400349DAD /* Products */ = {
			isa = PBXGroup;
			children = (
				38B92E0A2225008400349DAD /* BmiCalculator.app */,
				38B92E1E2225008500349DAD /* BmiCalculatorTests.xctest */,
				38B92E292225008500349DAD /* BmiCalculatorUITests.xctest */,
			);
			name = Products;
			sourceTree = "<group>";
		};
		38B92E0C2225008400349DAD /* BmiCalculator */ = {
			isa = PBXGroup;
			children = (
				38B92E0D2225008400349DAD /* AppDelegate.swift */,
				38B92E0F2225008400349DAD /* ViewController.swift */,
				38B92E112225008400349DAD /* Main.storyboard */,
				38B92E142225008500349DAD /* Assets.xcassets */,
				38B92E162225008500349DAD /* LaunchScreen.storyboard */,
				38B92E192225008500349DAD /* Info.plist */,
			);
			path = BmiCalculator;
			sourceTree = "<group>";
		};
		38B92E212225008500349DAD /* BmiCalculatorTests */ = {
			isa = PBXGroup;
			children = (
				38B92E222225008500349DAD /* BmiCalculatorTests.swift */,
				38B92E242225008500349DAD /* Info.plist */,
			);
			path = BmiCalculatorTests;
			sourceTree = "<group>";
		};
		38B92E2C2225008500349DAD /* BmiCalculatorUITests */ = {
			isa = PBXGroup;
			children = (
				38B92E2D2225008500349DAD /* BmiCalculatorUITests.swift */,
				38B92E2F2225008500349DAD /* Info.plist */,
			);
			path = BmiCalculatorUITests;
			sourceTree = "<group>";
		};
/* End PBXGroup section */

/* Begin PBXNativeTarget section */
		38B92E092225008400349DAD /* BmiCalculator */ = {
			isa = PBXNativeTarget;
			buildConfigurationList = 38B92E322225008500349DAD /* Build configuration list for PBXNativeTarget "BmiCalculator" */;
			buildPhases = (
				38B92E062225008400349DAD /* Sources */,
				38B92E072225008400349DAD /* Frameworks */,
				38B92E082225008400349DAD /* Resources */,
			);
			buildRules = (
			);
			dependencies = (
			);
			name = BmiCalculator;
			productName = BmiCalculator;
			productReference = 38B92E0A2225008400349DAD /* BmiCalculator.app */;
			productType = "com.apple.product-type.application";
		};
		38B92E1D2225008500349DAD /* BmiCalculatorTests */ = {
			isa = PBXNativeTarget;
			buildConfigurationList = 38B92E352225008500349DAD /* Build configuration list for PBXNativeTarget "BmiCalculatorTests" */;
			buildPhases = (
				38B92E1A2225008500349DAD /* Sources */,
				38B92E1B2225008500349DAD /* Frameworks */,
				38B92E1C2225008500349DAD /* Resources */,
			);
			buildRules = (
			);
			dependencies = (
				38B92E202225008500349DAD /* PBXTargetDependency */,
			);
			name = BmiCalculatorTests;
			productName = BmiCalculatorTests;
			productReference = 38B92E1E2225008500349DAD /* BmiCalculatorTests.xctest */;
			productType = "com.apple.product-type.bundle.unit-test";
		};
		38B92E282225008500349DAD /* BmiCalculatorUITests */ = {
			isa = PBXNativeTarget;
			buildConfigurationList = 38B92E382225008500349DAD /* Build configuration list for PBXNativeTarget "BmiCalculatorUITests" */;
			buildPhases = (
				38B92E252225008500349DAD /* Sources */,
				38B92E262225008500349DAD /* Frameworks */,
				38B92E272225008500349DAD /* Resources */,
			);
			buildRules = (
			);
			dependencies = (
				38B92E2B2225008500349DAD /* PBXTargetDependency */,
			);
			name = BmiCalculatorUITests;
			productName = BmiCalculatorUITests;
			productReference = 38B92E292225008500349DAD /* BmiCalculatorUITests.xctest */;
			productType = "com.apple.product-type.bundle.ui-testing";
		};
/* End PBXNativeTarget section */

/* Begin PBXProject section */
		38B92E022225008400349DAD /* Project object */ = {
			isa = PBXProject;
			attributes = {
				LastSwiftUpdateCheck = 1010;
				LastUpgradeCheck = 1010;
				ORGANIZATIONNAME = "shenglin-alex";
				TargetAttributes = {
					38B92E092225008400349DAD = {
						CreatedOnToolsVersion = 10.1;
					};
					38B92E1D2225008500349DAD = {
						CreatedOnToolsVersion = 10.1;
						TestTargetID = 38B92E092225008400349DAD;
					};
					38B92E282225008500349DAD = {
						CreatedOnToolsVersion = 10.1;
						TestTargetID = 38B92E092225008400349DAD;
					};
				};
			};
			buildConfigurationList = 38B92E052225008400349DAD /* Build configuration list for PBXProject "BmiCalculator" */;
			compatibilityVersion = "Xcode 9.3";
			developmentRegion = en;
			hasScannedForEncodings = 0;
			knownRegions = (
				en,
				Base,
			);
			mainGroup = 38B92E012225008400349DAD;
			productRefGroup = 38B92E0B2225008400349DAD /* Products */;
			projectDirPath = "";
			projectRoot = "";
			targets = (
				38B92E092225008400349DAD /* BmiCalculator */,
				38B92E1D2225008500349DAD /* BmiCalculatorTests */,
				38B92E282225008500349DAD /* BmiCalculatorUITests */,
			);
		};
/* End PBXProject section */

/* Begin PBXResourcesBuildPhase section */
		38B92E082225008400349DAD /* Resources */ = {
			isa = PBXResourcesBuildPhase;
			buildActionMask = 2147483647;
			files = (
				38B92E182225008500349DAD /* LaunchScreen.storyboard in Resources */,
				38B92E152225008500349DAD /* Assets.xcassets in Resources */,
				38B92E132225008400349DAD /* Main.storyboard in Resources */,
			);
			runOnlyForDeploymentPostprocessing = 0;
		};
		38B92E1C2225008500349DAD /* Resources */ = {
			isa = PBXResourcesBuildPhase;
			buildActionMask = 2147483647;
			files = (
			);
			runOnlyForDeploymentPostprocessing = 0;
		};
		38B92E272225008500349DAD /* Resources */ = {
			isa = PBXResourcesBuildPhase;
			buildActionMask = 2147483647;
			files = (
			);
			runOnlyForDeploymentPostprocessing = 0;
		};
/* End PBXResourcesBuildPhase section */

/* Begin PBXSourcesBuildPhase section */
		38B92E062225008400349DAD /* Sources */ = {
			isa = PBXSourcesBuildPhase;
			buildActionMask = 2147483647;
			files = (
				38B92E102225008400349DAD /* ViewController.swift in Sources */,
				38B92E0E2225008400349DAD /* AppDelegate.swift in Sources */,
			);
			runOnlyForDeploymentPostprocessing = 0;
		};
		38B92E1A2225008500349DAD /* Sources */ = {
			isa = PBXSourcesBuildPhase;
			buildActionMask = 2147483647;
			files = (
				38B92E232225008500349DAD /* BmiCalculatorTests.swift in Sources */,
			);
			runOnlyForDeploymentPostprocessing = 0;
		};
		38B92E252225008500349DAD /* Sources */ = {
			isa = PBXSourcesBuildPhase;
			buildActionMask = 2147483647;
			files = (
				38B92E2E2225008500349DAD /* BmiCalculatorUITests.swift in Sources */,
			);
			runOnlyForDeploymentPostprocessing = 0;
		};
/* End PBXSourcesBuildPhase section */

/* Begin PBXTargetDependency section */
		38B92E202225008500349DAD /* PBXTargetDependency */ = {
			isa = PBXTargetDependency;
			target = 38B92E092225008400349DAD /* BmiCalculator */;
			targetProxy = 38B92E1F2225008500349DAD /* PBXContainerItemProxy */;
		};
		38B92E2B2225008500349DAD /* PBXTargetDependency */ = {
			isa = PBXTargetDependency;
			target = 38B92E092225008400349DAD /* BmiCalculator */;
			targetProxy = 38B92E2A2225008500349DAD /* PBXContainerItemProxy */;
		};
/* End PBXTargetDependency section */

/* Begin PBXVariantGroup section */
		38B92E112225008400349DAD /* Main.storyboard */ = {
			isa = PBXVariantGroup;
			children = (
				38B92E122225008400349DAD /* Base */,
			);
			name = Main.storyboard;
			sourceTree = "<group>";
			usesTabs = 0;
		};
		38B92E162225008500349DAD /* LaunchScreen.storyboard */ = {
			isa = PBXVariantGroup;
			children = (
				38B92E172225008500349DAD /* Base */,
			);
			name = LaunchScreen.storyboard;
			sourceTree = "<group>";
		};
/* End PBXVariantGroup section */

/* Begin XCBuildConfiguration section */
		38B92E302225008500349DAD /* Debug */ = {
			isa = XCBuildConfiguration;
			buildSettings = {
				ALWAYS_SEARCH_USER_PATHS = NO;
				CLANG_ANALYZER_NONNULL = YES;
				CLANG_ANALYZER_NUMBER_OBJECT_CONVERSION = YES_AGGRESSIVE;
				CLANG_CXX_LANGUAGE_STANDARD = "gnu++14";
				CLANG_CXX_LIBRARY = "libc++";
				CLANG_ENABLE_MODULES = YES;
				CLANG_ENABLE_OBJC_ARC = YES;
				CLANG_ENABLE_OBJC_WEAK = YES;
				CLANG_WARN_BLOCK_CAPTURE_AUTORELEASING = YES;
				CLANG_WARN_BOOL_CONVERSION = YES;
				CLANG_WARN_COMMA = YES;
				CLANG_WARN_CONSTANT_CONVERSION = YES;
				CLANG_WARN_DEPRECATED_OBJC_IMPLEMENTATIONS = YES;
				CLANG_WARN_DIRECT_OBJC_ISA_USAGE = YES_ERROR;
				CLANG_WARN_DOCUMENTATION_COMMENTS = YES;
				CLANG_WARN_EMPTY_BODY = YES;
				CLANG_WARN_ENUM_CONVERSION = YES;
				CLANG_WARN_INFINITE_RECURSION = YES;
				CLANG_WARN_INT_CONVERSION = YES;
				CLANG_WARN_NON_LITERAL_NULL_CONVERSION = YES;
				CLANG_WARN_OBJC_IMPLICIT_RETAIN_SELF = YES;
				CLANG_WARN_OBJC_LITERAL_CONVERSION = YES;
				CLANG_WARN_OBJC_ROOT_CLASS = YES_ERROR;
				CLANG_WARN_RANGE_LOOP_ANALYSIS = YES;
				CLANG_WARN_STRICT_PROTOTYPES = YES;
				CLANG_WARN_SUSPICIOUS_MOVE = YES;
				CLANG_WARN_UNGUARDED_AVAILABILITY = YES_AGGRESSIVE;
				CLANG_WARN_UNREACHABLE_CODE = YES;
				CLANG_WARN__DUPLICATE_METHOD_MATCH = YES;
				CODE_SIGN_IDENTITY = "iPhone Developer";
				COPY_PHASE_STRIP = NO;
				DEBUG_INFORMATION_FORMAT = dwarf;
				ENABLE_STRICT_OBJC_MSGSEND = YES;
				ENABLE_TESTABILITY = YES;
				GCC_C_LANGUAGE_STANDARD = gnu11;
				GCC_DYNAMIC_NO_PIC = NO;
				GCC_NO_COMMON_BLOCKS = YES;
				GCC_OPTIMIZATION_LEVEL = 0;
				GCC_PREPROCESSOR_DEFINITIONS = (
					"DEBUG=1",
					"$(inherited)",
				);
				GCC_WARN_64_TO_32_BIT_CONVERSION = YES;
				GCC_WARN_ABOUT_RETURN_TYPE = YES_ERROR;
				GCC_WARN_UNDECLARED_SELECTOR = YES;
				GCC_WARN_UNINITIALIZED_AUTOS = YES_AGGRESSIVE;
				GCC_WARN_UNUSED_FUNCTION = YES;
				GCC_WARN_UNUSED_VARIABLE = YES;
				IPHONEOS_DEPLOYMENT_TARGET = 12.1;
				MTL_ENABLE_DEBUG_INFO = INCLUDE_SOURCE;
				MTL_FAST_MATH = YES;
				ONLY_ACTIVE_ARCH = YES;
				SDKROOT = iphoneos;
				SWIFT_ACTIVE_COMPILATION_CONDITIONS = DEBUG;
				SWIFT_OPTIMIZATION_LEVEL = "-Onone";
			};
			name = Debug;
		};
		38B92E312225008500349DAD /* Release */ = {
			isa = XCBuildConfiguration;
			buildSettings = {
				ALWAYS_SEARCH_USER_PATHS = NO;
				CLANG_ANALYZER_NONNULL = YES;
				CLANG_ANALYZER_NUMBER_OBJECT_CONVERSION = YES_AGGRESSIVE;
				CLANG_CXX_LANGUAGE_STANDARD = "gnu++14";
				CLANG_CXX_LIBRARY = "libc++";
				CLANG_ENABLE_MODULES = YES;
				CLANG_ENABLE_OBJC_ARC = YES;
				CLANG_ENABLE_OBJC_WEAK = YES;
				CLANG_WARN_BLOCK_CAPTURE_AUTORELEASING = YES;
				CLANG_WARN_BOOL_CONVERSION = YES;
				CLANG_WARN_COMMA = YES;
				CLANG_WARN_CONSTANT_CONVERSION = YES;
				CLANG_WARN_DEPRECATED_OBJC_IMPLEMENTATIONS = YES;
				CLANG_WARN_DIRECT_OBJC_ISA_USAGE = YES_ERROR;
				CLANG_WARN_DOCUMENTATION_COMMENTS = YES;
				CLANG_WARN_EMPTY_BODY = YES;
				CLANG_WARN_ENUM_CONVERSION = YES;
				CLANG_WARN_INFINITE_RECURSION = YES;
				CLANG_WARN_INT_CONVERSION = YES;
				CLANG_WARN_NON_LITERAL_NULL_CONVERSION = YES;
				CLANG_WARN_OBJC_IMPLICIT_RETAIN_SELF = YES;
				CLANG_WARN_OBJC_LITERAL_CONVERSION = YES;
				CLANG_WARN_OBJC_ROOT_CLASS = YES_ERROR;
				CLANG_WARN_RANGE_LOOP_ANALYSIS = YES;
				CLANG_WARN_STRICT_PROTOTYPES = YES;
				CLANG_WARN_SUSPICIOUS_MOVE = YES;
				CLANG_WARN_UNGUARDED_AVAILABILITY = YES_AGGRESSIVE;
				CLANG_WARN_UNREACHABLE_CODE = YES;
				CLANG_WARN__DUPLICATE_METHOD_MATCH = YES;
				CODE_SIGN_IDENTITY = "iPhone Developer";
				COPY_PHASE_STRIP = NO;
				DEBUG_INFORMATION_FORMAT = "dwarf-with-dsym";
				ENABLE_NS_ASSERTIONS = NO;
				ENABLE_STRICT_OBJC_MSGSEND = YES;
				GCC_C_LANGUAGE_STANDARD = gnu11;
				GCC_NO_COMMON_BLOCKS = YES;
				GCC_WARN_64_TO_32_BIT_CONVERSION = YES;
				GCC_WARN_ABOUT_RETURN_TYPE = YES_ERROR;
				GCC_WARN_UNDECLARED_SELECTOR = YES;
				GCC_WARN_UNINITIALIZED_AUTOS = YES_AGGRESSIVE;
				GCC_WARN_UNUSED_FUNCTION = YES;
				GCC_WARN_UNUSED_VARIABLE = YES;
				IPHONEOS_DEPLOYMENT_TARGET = 12.1;
				MTL_ENABLE_DEBUG_INFO = NO;
				MTL_FAST_MATH = YES;
				SDKROOT = iphoneos;
				SWIFT_COMPILATION_MODE = wholemodule;
				SWIFT_OPTIMIZATION_LEVEL = "-O";
				VALIDATE_PRODUCT = YES;
			};
			name = Release;
		};
		38B92E332225008500349DAD /* Debug */ = {
			isa = XCBuildConfiguration;
			buildSettings = {
				ASSETCATALOG_COMPILER_APPICON_NAME = AppIcon;
				CODE_SIGN_STYLE = Automatic;
				INFOPLIST_FILE = BmiCalculator/Info.plist;
				LD_RUNPATH_SEARCH_PATHS = (
					"$(inherited)",
					"@executable_path/Frameworks",
				);
				PRODUCT_BUNDLE_IDENTIFIER = ntut.BmiCalculator;
				PRODUCT_NAME = "$(TARGET_NAME)";
				SWIFT_VERSION = 4.2;
				TARGETED_DEVICE_FAMILY = "1,2";
			};
			name = Debug;
		};
		38B92E342225008500349DAD /* Release */ = {
			isa = XCBuildConfiguration;
			buildSettings = {
				ASSETCATALOG_COMPILER_APPICON_NAME = AppIcon;
				CODE_SIGN_STYLE = Automatic;
				INFOPLIST_FILE = BmiCalculator/Info.plist;
				LD_RUNPATH_SEARCH_PATHS = (
					"$(inherited)",
					"@executable_path/Frameworks",
				);
				PRODUCT_BUNDLE_IDENTIFIER = ntut.BmiCalculator;
				PRODUCT_NAME = "$(TARGET_NAME)";
				SWIFT_VERSION = 4.2;
				TARGETED_DEVICE_FAMILY = "1,2";
			};
			name = Release;
		};
		38B92E362225008500349DAD /* Debug */ = {
			isa = XCBuildConfiguration;
			buildSettings = {
				ALWAYS_EMBED_SWIFT_STANDARD_LIBRARIES = YES;
				BUNDLE_LOADER = "$(TEST_HOST)";
				CODE_SIGN_STYLE = Automatic;
				INFOPLIST_FILE = BmiCalculatorTests/Info.plist;
				LD_RUNPATH_SEARCH_PATHS = (
					"$(inherited)",
					"@executable_path/Frameworks",
					"@loader_path/Frameworks",
				);
				PRODUCT_BUNDLE_IDENTIFIER = ntut.BmiCalculatorTests;
				PRODUCT_NAME = "$(TARGET_NAME)";
				SWIFT_VERSION = 4.2;
				TARGETED_DEVICE_FAMILY = "1,2";
				TEST_HOST = "$(BUILT_PRODUCTS_DIR)/BmiCalculator.app/BmiCalculator";
			};
			name = Debug;
		};
		38B92E372225008500349DAD /* Release */ = {
			isa = XCBuildConfiguration;
			buildSettings = {
				ALWAYS_EMBED_SWIFT_STANDARD_LIBRARIES = YES;
				BUNDLE_LOADER = "$(TEST_HOST)";
				CODE_SIGN_STYLE = Automatic;
				INFOPLIST_FILE = BmiCalculatorTests/Info.plist;
				LD_RUNPATH_SEARCH_PATHS = (
					"$(inherited)",
					"@executable_path/Frameworks",
					"@loader_path/Frameworks",
				);
				PRODUCT_BUNDLE_IDENTIFIER = ntut.BmiCalculatorTests;
				PRODUCT_NAME = "$(TARGET_NAME)";
				SWIFT_VERSION = 4.2;
				TARGETED_DEVICE_FAMILY = "1,2";
				TEST_HOST = "$(BUILT_PRODUCTS_DIR)/BmiCalculator.app/BmiCalculator";
			};
			name = Release;
		};
		38B92E392225008500349DAD /* Debug */ = {
			isa = XCBuildConfiguration;
			buildSettings = {
				ALWAYS_EMBED_SWIFT_STANDARD_LIBRARIES = YES;
				CODE_SIGN_STYLE = Automatic;
				INFOPLIST_FILE = BmiCalculatorUITests/Info.plist;
				LD_RUNPATH_SEARCH_PATHS = (
					"$(inherited)",
					"@executable_path/Frameworks",
					"@loader_path/Frameworks",
				);
				PRODUCT_BUNDLE_IDENTIFIER = ntut.BmiCalculatorUITests;
				PRODUCT_NAME = "$(TARGET_NAME)";
				SWIFT_VERSION = 4.2;
				TARGETED_DEVICE_FAMILY = "1,2";
				TEST_TARGET_NAME = BmiCalculator;
			};
			name = Debug;
		};
		38B92E3A2225008500349DAD /* Release */ = {
			isa = XCBuildConfiguration;
			buildSettings = {
				ALWAYS_EMBED_SWIFT_STANDARD_LIBRARIES = YES;
				CODE_SIGN_STYLE = Automatic;
				INFOPLIST_FILE = BmiCalculatorUITests/Info.plist;
				LD_RUNPATH_SEARCH_PATHS = (
					"$(inherited)",
					"@executable_path/Frameworks",
					"@loader_path/Frameworks",
				);
				PRODUCT_BUNDLE_IDENTIFIER = ntut.BmiCalculatorUITests;
				PRODUCT_NAME = "$(TARGET_NAME)";
				SWIFT_VERSION = 4.2;
				TARGETED_DEVICE_FAMILY = "1,2";
				TEST_TARGET_NAME = BmiCalculator;
			};
			name = Release;
		};
/* End XCBuildConfiguration section */

/* Begin XCConfigurationList section */
		38B92E052225008400349DAD /* Build configuration list for PBXProject "BmiCalculator" */ = {
			isa = XCConfigurationList;
			buildConfigurations = (
				38B92E302225008500349DAD /* Debug */,
				38B92E312225008500349DAD /* Release */,
			);
			defaultConfigurationIsVisible = 0;
			defaultConfigurationName = Release;
		};
		38B92E322225008500349DAD /* Build configuration list for PBXNativeTarget "BmiCalculator" */ = {
			isa = XCConfigurationList;
			buildConfigurations = (
				38B92E332225008500349DAD /* Debug */,
				38B92E342225008500349DAD /* Release */,
			);
			defaultConfigurationIsVisible = 0;
			defaultConfigurationName = Release;
		};
		38B92E352225008500349DAD /* Build configuration list for PBXNativeTarget "BmiCalculatorTests" */ = {
			isa = XCConfigurationList;
			buildConfigurations = (
				38B92E362225008500349DAD /* Debug */,
				38B92E372225008500349DAD /* Release */,
			);
			defaultConfigurationIsVisible = 0;
			defaultConfigurationName = Release;
		};
		38B92E382225008500349DAD /* Build configuration list for PBXNativeTarget "BmiCalculatorUITests" */ = {
			isa = XCConfigurationList;
			buildConfigurations = (
				38B92E392225008500349DAD /* Debug */,
				38B92E3A2225008500349DAD /* Release */,
			);
			defaultConfigurationIsVisible = 0;
			defaultConfigurationName = Release;
		};
/* End XCConfigurationList section */
	};
	rootObject = 38B92E022225008400349DAD /* Project object */;
}
